
Microsoft Visual Studio Solution File, Format Version 12.00
# Visual Studio Version 17
VisualStudioVersion = 17.8.34525.116
MinimumVisualStudioVersion = 10.0.40219.1
Project("{8BC9CEB8-8B4A-11D0-8D11-00A0C91BC942}") = "shine_numbers", "shine_numbers\shine_numbers.vcxproj", "{BD06ED11-1664-4C3A-842D-75495705BDA7}"
EndProject
Global
	GlobalSection(SolutionConfigurationPlatforms) = preSolution
		Debug|x64 = Debug|x64
		Debug|x86 = Debug|x86
		Release|x64 = Release|x64
		Release|x86 = Release|x86
	EndGlobalSection
	GlobalSection(ProjectConfigurationPlatforms) = postSolution
		{BD06ED11-1664-4C3A-842D-75495705BDA7}.Debug|x64.ActiveCfg = Debug|x64
		{BD06ED11-1664-4C3A-842D-75495705BDA7}.Debug|x64.Build.0 = Debug|x64
		{BD06ED11-1664-4C3A-842D-75495705BDA7}.Debug|x86.ActiveCfg = Debug|Win32
		{BD06ED11-1664-4C3A-842D-75495705BDA7}.Debug|x86.Build.0 = Debug|Win32
		{BD06ED11-1664-4C3A-842D-75495705BDA7}.Release|x64.ActiveCfg = Release|x64
		{BD06ED11-1664-4C3A-842D-75495705BDA7}.Release|x64.Build.0 = Release|x64
		{BD06ED11-1664-4C3A-842D-75495705BDA7}.Release|x86.ActiveCfg = Release|Win32
		{BD06ED11-1664-4C3A-842D-75495705BDA7}.Release|x86.Build.0 = Release|Win32
	EndGlobalSection
	GlobalSection(SolutionProperties) = preSolution
		HideSolutionNode = FALSE
	EndGlobalSection
	GlobalSection(ExtensibilityGlobals) = postSolution
		SolutionGuid = {E2E5258C-266A-4BEC-ADBB-0A25009D99A7}
	EndGlobalSection
EndGlobal
